
Microsoft Visual Studio Solution File, Format Version 12.00
# Visual Studio Version 16
VisualStudioVersion = 16.0.30804.86
MinimumVisualStudioVersion = 10.0.40219.1
Project("{FAE04EC0-301F-11D3-BF4B-00C04F79EFBC}") = "DiziApp.WEBUI", "DiziApp.WEBUI\DiziApp.WEBUI.csproj", "{BDA1A8D3-1187-45C1-ACA3-203BBDD46ED5}"
EndProject
Global
	GlobalSection(SolutionConfigurationPlatforms) = preSolution
		Debug|Any CPU = Debug|Any CPU
		Release|Any CPU = Release|Any CPU
	EndGlobalSection
	GlobalSection(ProjectConfigurationPlatforms) = postSolution
		{BDA1A8D3-1187-45C1-ACA3-203BBDD46ED5}.Debug|Any CPU.ActiveCfg = Debug|Any CPU
		{BDA1A8D3-1187-45C1-ACA3-203BBDD46ED5}.Debug|Any CPU.Build.0 = Debug|Any CPU
		{BDA1A8D3-1187-45C1-ACA3-203BBDD46ED5}.Release|Any CPU.ActiveCfg = Release|Any CPU
		{BDA1A8D3-1187-45C1-ACA3-203BBDD46ED5}.Release|Any CPU.Build.0 = Release|Any CPU
	EndGlobalSection
	GlobalSection(SolutionProperties) = preSolution
		HideSolutionNode = FALSE
	EndGlobalSection
	GlobalSection(ExtensibilityGlobals) = postSolution
		SolutionGuid = {62532457-812A-4A88-B0FD-8B8667A755AE}
	EndGlobalSection
EndGlobal
